// !$*UTF8*$!
{
	archiveVersion = 1;
	classes = {
	};
	objectVersion = 51;
	objects = {

/* Begin PBXBuildFile section */
		8BF485466D2FF151D7684C1F /* Pods_my_places.framework in Frameworks */ = {isa = PBXBuildFile; fileRef = BAE6D203C28C1614B8B5AE60 /* Pods_my_places.framework */; };
		FA0CFDAE2541C77A006F6A34 /* NewPlaceViewController.swift in Sources */ = {isa = PBXBuildFile; fileRef = FA0CFDAD2541C77A006F6A34 /* NewPlaceViewController.swift */; };
		FA353BCE253DDCA50041D5DD /* AppDelegate.swift in Sources */ = {isa = PBXBuildFile; fileRef = FA353BCD253DDCA50041D5DD /* AppDelegate.swift */; };
		FA353BD0253DDCA50041D5DD /* SceneDelegate.swift in Sources */ = {isa = PBXBuildFile; fileRef = FA353BCF253DDCA50041D5DD /* SceneDelegate.swift */; };
		FA353BD5253DDCA50041D5DD /* Main.storyboard in Resources */ = {isa = PBXBuildFile; fileRef = FA353BD3253DDCA50041D5DD /* Main.storyboard */; };
		FA353BD7253DDCA50041D5DD /* Assets.xcassets in Resources */ = {isa = PBXBuildFile; fileRef = FA353BD6253DDCA50041D5DD /* Assets.xcassets */; };
		FA353BDA253DDCA50041D5DD /* LaunchScreen.storyboard in Resources */ = {isa = PBXBuildFile; fileRef = FA353BD8253DDCA50041D5DD /* LaunchScreen.storyboard */; };
		FAABA453253F52630042974E /* CustomTableViewCell.swift in Sources */ = {isa = PBXBuildFile; fileRef = FAABA452253F52630042974E /* CustomTableViewCell.swift */; };
		FAAD61C72540028E00AE65D1 /* PlaceModel.swift in Sources */ = {isa = PBXBuildFile; fileRef = FAAD61C62540028E00AE65D1 /* PlaceModel.swift */; };
		FAC1EEAE253DF9F300C8DCC1 /* MainViewController.swift in Sources */ = {isa = PBXBuildFile; fileRef = FAC1EEAD253DF9F300C8DCC1 /* MainViewController.swift */; };
		FAF7FF6825445EED00FC877A /* StorageManager.swift in Sources */ = {isa = PBXBuildFile; fileRef = FAF7FF6725445EED00FC877A /* StorageManager.swift */; };
/* End PBXBuildFile section */

/* Begin PBXFileReference section */
		7597D53DCAF63A2297C56CC3 /* Pods-my-places.release.xcconfig */ = {isa = PBXFileReference; includeInIndex = 1; lastKnownFileType = text.xcconfig; name = "Pods-my-places.release.xcconfig"; path = "Target Support Files/Pods-my-places/Pods-my-places.release.xcconfig"; sourceTree = "<group>"; };
		B31FBCC0B9634253919BF11D /* Pods-my-places.debug.xcconfig */ = {isa = PBXFileReference; includeInIndex = 1; lastKnownFileType = text.xcconfig; name = "Pods-my-places.debug.xcconfig"; path = "Target Support Files/Pods-my-places/Pods-my-places.debug.xcconfig"; sourceTree = "<group>"; };
		BAE6D203C28C1614B8B5AE60 /* Pods_my_places.framework */ = {isa = PBXFileReference; explicitFileType = wrapper.framework; includeInIndex = 0; path = Pods_my_places.framework; sourceTree = BUILT_PRODUCTS_DIR; };
		FA0CFDAD2541C77A006F6A34 /* NewPlaceViewController.swift */ = {isa = PBXFileReference; lastKnownFileType = sourcecode.swift; path = NewPlaceViewController.swift; sourceTree = "<group>"; };
		FA353BCA253DDCA50041D5DD /* my-places.app */ = {isa = PBXFileReference; explicitFileType = wrapper.application; includeInIndex = 0; path = "my-places.app"; sourceTree = BUILT_PRODUCTS_DIR; };
		FA353BCD253DDCA50041D5DD /* AppDelegate.swift */ = {isa = PBXFileReference; lastKnownFileType = sourcecode.swift; path = AppDelegate.swift; sourceTree = "<group>"; };
		FA353BCF253DDCA50041D5DD /* SceneDelegate.swift */ = {isa = PBXFileReference; lastKnownFileType = sourcecode.swift; path = SceneDelegate.swift; sourceTree = "<group>"; };
		FA353BD4253DDCA50041D5DD /* Base */ = {isa = PBXFileReference; lastKnownFileType = file.storyboard; name = Base; path = Base.lproj/Main.storyboard; sourceTree = "<group>"; };
		FA353BD6253DDCA50041D5DD /* Assets.xcassets */ = {isa = PBXFileReference; lastKnownFileType = folder.assetcatalog; path = Assets.xcassets; sourceTree = "<group>"; };
		FA353BD9253DDCA50041D5DD /* Base */ = {isa = PBXFileReference; lastKnownFileType = file.storyboard; name = Base; path = Base.lproj/LaunchScreen.storyboard; sourceTree = "<group>"; };
		FA353BDB253DDCA50041D5DD /* Info.plist */ = {isa = PBXFileReference; lastKnownFileType = text.plist.xml; path = Info.plist; sourceTree = "<group>"; };
		FAABA452253F52630042974E /* CustomTableViewCell.swift */ = {isa = PBXFileReference; lastKnownFileType = sourcecode.swift; path = CustomTableViewCell.swift; sourceTree = "<group>"; };
		FAAD61C62540028E00AE65D1 /* PlaceModel.swift */ = {isa = PBXFileReference; lastKnownFileType = sourcecode.swift; path = PlaceModel.swift; sourceTree = "<group>"; };
		FAC1EEAD253DF9F300C8DCC1 /* MainViewController.swift */ = {isa = PBXFileReference; lastKnownFileType = sourcecode.swift; path = MainViewController.swift; sourceTree = "<group>"; };
		FAF7FF6725445EED00FC877A /* StorageManager.swift */ = {isa = PBXFileReference; lastKnownFileType = sourcecode.swift; path = StorageManager.swift; sourceTree = "<group>"; };
/* End PBXFileReference section */

/* Begin PBXFrameworksBuildPhase section */
		FA353BC7253DDCA50041D5DD /* Frameworks */ = {
			isa = PBXFrameworksBuildPhase;
			buildActionMask = 2147483647;
			files = (
				8BF485466D2FF151D7684C1F /* Pods_my_places.framework in Frameworks */,
			);
			runOnlyForDeploymentPostprocessing = 0;
		};
/* End PBXFrameworksBuildPhase section */

/* Begin PBXGroup section */
		2D4E69FB61213D89903C7620 /* Frameworks */ = {
			isa = PBXGroup;
			children = (
				BAE6D203C28C1614B8B5AE60 /* Pods_my_places.framework */,
			);
			name = Frameworks;
			sourceTree = "<group>";
		};
		D4F342F7BEB703DE854DE925 /* Pods */ = {
			isa = PBXGroup;
			children = (
				B31FBCC0B9634253919BF11D /* Pods-my-places.debug.xcconfig */,
				7597D53DCAF63A2297C56CC3 /* Pods-my-places.release.xcconfig */,
			);
			path = Pods;
			sourceTree = "<group>";
		};
		FA353BC1253DDCA50041D5DD = {
			isa = PBXGroup;
			children = (
				FA353BCC253DDCA50041D5DD /* my-places */,
				FA353BCB253DDCA50041D5DD /* Products */,
				D4F342F7BEB703DE854DE925 /* Pods */,
				2D4E69FB61213D89903C7620 /* Frameworks */,
			);
			sourceTree = "<group>";
		};
		FA353BCB253DDCA50041D5DD /* Products */ = {
			isa = PBXGroup;
			children = (
				FA353BCA253DDCA50041D5DD /* my-places.app */,
			);
			name = Products;
			sourceTree = "<group>";
		};
		FA353BCC253DDCA50041D5DD /* my-places */ = {
			isa = PBXGroup;
			children = (
				FA353BCD253DDCA50041D5DD /* AppDelegate.swift */,
				FAC1EEAD253DF9F300C8DCC1 /* MainViewController.swift */,
				FA0CFDAD2541C77A006F6A34 /* NewPlaceViewController.swift */,
				FAABA452253F52630042974E /* CustomTableViewCell.swift */,
				FA353BCF253DDCA50041D5DD /* SceneDelegate.swift */,
				FA353BD3253DDCA50041D5DD /* Main.storyboard */,
				FA353BD6253DDCA50041D5DD /* Assets.xcassets */,
				FAAD61C62540028E00AE65D1 /* PlaceModel.swift */,
				FAF7FF6725445EED00FC877A /* StorageManager.swift */,
				FA353BD8253DDCA50041D5DD /* LaunchScreen.storyboard */,
				FA353BDB253DDCA50041D5DD /* Info.plist */,
			);
			path = "my-places";
			sourceTree = "<group>";
		};
/* End PBXGroup section */

/* Begin PBXNativeTarget section */
		FA353BC9253DDCA50041D5DD /* my-places */ = {
			isa = PBXNativeTarget;
			buildConfigurationList = FA353BDE253DDCA50041D5DD /* Build configuration list for PBXNativeTarget "my-places" */;
			buildPhases = (
				A4801476507F47EA6817BBCC /* [CP] Check Pods Manifest.lock */,
				FA353BC6253DDCA50041D5DD /* Sources */,
				FA353BC7253DDCA50041D5DD /* Frameworks */,
				FA353BC8253DDCA50041D5DD /* Resources */,
				C62874743031AD3DC53FF9BB /* [CP] Embed Pods Frameworks */,
			);
			buildRules = (
			);
			dependencies = (
			);
			name = "my-places";
			productName = "my-places";
			productReference = FA353BCA253DDCA50041D5DD /* my-places.app */;
			productType = "com.apple.product-type.application";
		};
/* End PBXNativeTarget section */

/* Begin PBXProject section */
		FA353BC2253DDCA50041D5DD /* Project object */ = {
			isa = PBXProject;
			attributes = {
				LastSwiftUpdateCheck = 1200;
				LastUpgradeCheck = 1200;
				TargetAttributes = {
					FA353BC9253DDCA50041D5DD = {
						CreatedOnToolsVersion = 12.0.1;
					};
				};
			};
			buildConfigurationList = FA353BC5253DDCA50041D5DD /* Build configuration list for PBXProject "my-places" */;
			compatibilityVersion = "Xcode 9.3";
			developmentRegion = en;
			hasScannedForEncodings = 0;
			knownRegions = (
				en,
				Base,
			);
			mainGroup = FA353BC1253DDCA50041D5DD;
			productRefGroup = FA353BCB253DDCA50041D5DD /* Products */;
			projectDirPath = "";
			projectRoot = "";
			targets = (
				FA353BC9253DDCA50041D5DD /* my-places */,
			);
		};
/* End PBXProject section */

/* Begin PBXResourcesBuildPhase section */
		FA353BC8253DDCA50041D5DD /* Resources */ = {
			isa = PBXResourcesBuildPhase;
			buildActionMask = 2147483647;
			files = (
				FA353BDA253DDCA50041D5DD /* LaunchScreen.storyboard in Resources */,
				FA353BD7253DDCA50041D5DD /* Assets.xcassets in Resources */,
				FA353BD5253DDCA50041D5DD /* Main.storyboard in Resources */,
			);
			runOnlyForDeploymentPostprocessing = 0;
		};
/* End PBXResourcesBuildPhase section */

/* Begin PBXShellScriptBuildPhase section */
		A4801476507F47EA6817BBCC /* [CP] Check Pods Manifest.lock */ = {
			isa = PBXShellScriptBuildPhase;
			buildActionMask = 2147483647;
			files = (
			);
			inputFileListPaths = (
			);
			inputPaths = (
				"${PODS_PODFILE_DIR_PATH}/Podfile.lock",
				"${PODS_ROOT}/Manifest.lock",
			);
			name = "[CP] Check Pods Manifest.lock";
			outputFileListPaths = (
			);
			outputPaths = (
				"$(DERIVED_FILE_DIR)/Pods-my-places-checkManifestLockResult.txt",
			);
			runOnlyForDeploymentPostprocessing = 0;
			shellPath = /bin/sh;
			shellScript = "diff \"${PODS_PODFILE_DIR_PATH}/Podfile.lock\" \"${PODS_ROOT}/Manifest.lock\" > /dev/null\nif [ $? != 0 ] ; then\n    # print error to STDERR\n    echo \"error: The sandbox is not in sync with the Podfile.lock. Run 'pod install' or update your CocoaPods installation.\" >&2\n    exit 1\nfi\n# This output is used by Xcode 'outputs' to avoid re-running this script phase.\necho \"SUCCESS\" > \"${SCRIPT_OUTPUT_FILE_0}\"\n";
			showEnvVarsInLog = 0;
		};
		C62874743031AD3DC53FF9BB /* [CP] Embed Pods Frameworks */ = {
			isa = PBXShellScriptBuildPhase;
			buildActionMask = 2147483647;
			files = (
			);
			inputFileListPaths = (
				"${PODS_ROOT}/Target Support Files/Pods-my-places/Pods-my-places-frameworks-${CONFIGURATION}-input-files.xcfilelist",
			);
			name = "[CP] Embed Pods Frameworks";
			outputFileListPaths = (
				"${PODS_ROOT}/Target Support Files/Pods-my-places/Pods-my-places-frameworks-${CONFIGURATION}-output-files.xcfilelist",
			);
			runOnlyForDeploymentPostprocessing = 0;
			shellPath = /bin/sh;
			shellScript = "\"${PODS_ROOT}/Target Support Files/Pods-my-places/Pods-my-places-frameworks.sh\"\n";
			showEnvVarsInLog = 0;
		};
/* End PBXShellScriptBuildPhase section */

/* Begin PBXSourcesBuildPhase section */
		FA353BC6253DDCA50041D5DD /* Sources */ = {
			isa = PBXSourcesBuildPhase;
			buildActionMask = 2147483647;
			files = (
				FAC1EEAE253DF9F300C8DCC1 /* MainViewController.swift in Sources */,
				FA0CFDAE2541C77A006F6A34 /* NewPlaceViewController.swift in Sources */,
				FA353BCE253DDCA50041D5DD /* AppDelegate.swift in Sources */,
				FAF7FF6825445EED00FC877A /* StorageManager.swift in Sources */,
				FAAD61C72540028E00AE65D1 /* PlaceModel.swift in Sources */,
				FAABA453253F52630042974E /* CustomTableViewCell.swift in Sources */,
				FA353BD0253DDCA50041D5DD /* SceneDelegate.swift in Sources */,
			);
			runOnlyForDeploymentPostprocessing = 0;
		};
/* End PBXSourcesBuildPhase section */

/* Begin PBXVariantGroup section */
		FA353BD3253DDCA50041D5DD /* Main.storyboard */ = {
			isa = PBXVariantGroup;
			children = (
				FA353BD4253DDCA50041D5DD /* Base */,
			);
			name = Main.storyboard;
			sourceTree = "<group>";
		};
		FA353BD8253DDCA50041D5DD /* LaunchScreen.storyboard */ = {
			isa = PBXVariantGroup;
			children = (
				FA353BD9253DDCA50041D5DD /* Base */,
			);
			name = LaunchScreen.storyboard;
			sourceTree = "<group>";
		};
/* End PBXVariantGroup section */

/* Begin XCBuildConfiguration section */
		FA353BDC253DDCA50041D5DD /* Debug */ = {
			isa = XCBuildConfiguration;
			buildSettings = {
				ALWAYS_SEARCH_USER_PATHS = NO;
				CLANG_ANALYZER_NONNULL = YES;
				CLANG_ANALYZER_NUMBER_OBJECT_CONVERSION = YES_AGGRESSIVE;
				CLANG_CXX_LANGUAGE_STANDARD = "gnu++14";
				CLANG_CXX_LIBRARY = "libc++";
				CLANG_ENABLE_MODULES = YES;
				CLANG_ENABLE_OBJC_ARC = YES;
				CLANG_ENABLE_OBJC_WEAK = YES;
				CLANG_WARN_BLOCK_CAPTURE_AUTORELEASING = YES;
				CLANG_WARN_BOOL_CONVERSION = YES;
				CLANG_WARN_COMMA = YES;
				CLANG_WARN_CONSTANT_CONVERSION = YES;
				CLANG_WARN_DEPRECATED_OBJC_IMPLEMENTATIONS = YES;
				CLANG_WARN_DIRECT_OBJC_ISA_USAGE = YES_ERROR;
				CLANG_WARN_DOCUMENTATION_COMMENTS = YES;
				CLANG_WARN_EMPTY_BODY = YES;
				CLANG_WARN_ENUM_CONVERSION = YES;
				CLANG_WARN_INFINITE_RECURSION = YES;
				CLANG_WARN_INT_CONVERSION = YES;
				CLANG_WARN_NON_LITERAL_NULL_CONVERSION = YES;
				CLANG_WARN_OBJC_IMPLICIT_RETAIN_SELF = YES;
				CLANG_WARN_OBJC_LITERAL_CONVERSION = YES;
				CLANG_WARN_OBJC_ROOT_CLASS = YES_ERROR;
				CLANG_WARN_QUOTED_INCLUDE_IN_FRAMEWORK_HEADER = YES;
				CLANG_WARN_RANGE_LOOP_ANALYSIS = YES;
				CLANG_WARN_STRICT_PROTOTYPES = YES;
				CLANG_WARN_SUSPICIOUS_MOVE = YES;
				CLANG_WARN_UNGUARDED_AVAILABILITY = YES_AGGRESSIVE;
				CLANG_WARN_UNREACHABLE_CODE = YES;
				CLANG_WARN__DUPLICATE_METHOD_MATCH = YES;
				COPY_PHASE_STRIP = NO;
				DEBUG_INFORMATION_FORMAT = dwarf;
				ENABLE_STRICT_OBJC_MSGSEND = YES;
				ENABLE_TESTABILITY = YES;
				GCC_C_LANGUAGE_STANDARD = gnu11;
				GCC_DYNAMIC_NO_PIC = NO;
				GCC_NO_COMMON_BLOCKS = YES;
				GCC_OPTIMIZATION_LEVEL = 0;
				GCC_PREPROCESSOR_DEFINITIONS = (
					"DEBUG=1",
					"$(inherited)",
				);
				GCC_WARN_64_TO_32_BIT_CONVERSION = YES;
				GCC_WARN_ABOUT_RETURN_TYPE = YES_ERROR;
				GCC_WARN_UNDECLARED_SELECTOR = YES;
				GCC_WARN_UNINITIALIZED_AUTOS = YES_AGGRESSIVE;
				GCC_WARN_UNUSED_FUNCTION = YES;
				GCC_WARN_UNUSED_VARIABLE = YES;
				IPHONEOS_DEPLOYMENT_TARGET = 14.0;
				MTL_ENABLE_DEBUG_INFO = INCLUDE_SOURCE;
				MTL_FAST_MATH = YES;
				ONLY_ACTIVE_ARCH = YES;
				SDKROOT = iphoneos;
				SWIFT_ACTIVE_COMPILATION_CONDITIONS = DEBUG;
				SWIFT_OPTIMIZATION_LEVEL = "-Onone";
			};
			name = Debug;
		};
		FA353BDD253DDCA50041D5DD /* Release */ = {
			isa = XCBuildConfiguration;
			buildSettings = {
				ALWAYS_SEARCH_USER_PATHS = NO;
				CLANG_ANALYZER_NONNULL = YES;
				CLANG_ANALYZER_NUMBER_OBJECT_CONVERSION = YES_AGGRESSIVE;
				CLANG_CXX_LANGUAGE_STANDARD = "gnu++14";
				CLANG_CXX_LIBRARY = "libc++";
				CLANG_ENABLE_MODULES = YES;
				CLANG_ENABLE_OBJC_ARC = YES;
				CLANG_ENABLE_OBJC_WEAK = YES;
				CLANG_WARN_BLOCK_CAPTURE_AUTORELEASING = YES;
				CLANG_WARN_BOOL_CONVERSION = YES;
				CLANG_WARN_COMMA = YES;
				CLANG_WARN_CONSTANT_CONVERSION = YES;
				CLANG_WARN_DEPRECATED_OBJC_IMPLEMENTATIONS = YES;
				CLANG_WARN_DIRECT_OBJC_ISA_USAGE = YES_ERROR;
				CLANG_WARN_DOCUMENTATION_COMMENTS = YES;
				CLANG_WARN_EMPTY_BODY = YES;
				CLANG_WARN_ENUM_CONVERSION = YES;
				CLANG_WARN_INFINITE_RECURSION = YES;
				CLANG_WARN_INT_CONVERSION = YES;
				CLANG_WARN_NON_LITERAL_NULL_CONVERSION = YES;
				CLANG_WARN_OBJC_IMPLICIT_RETAIN_SELF = YES;
				CLANG_WARN_OBJC_LITERAL_CONVERSION = YES;
				CLANG_WARN_OBJC_ROOT_CLASS = YES_ERROR;
				CLANG_WARN_QUOTED_INCLUDE_IN_FRAMEWORK_HEADER = YES;
				CLANG_WARN_RANGE_LOOP_ANALYSIS = YES;
				CLANG_WARN_STRICT_PROTOTYPES = YES;
				CLANG_WARN_SUSPICIOUS_MOVE = YES;
				CLANG_WARN_UNGUARDED_AVAILABILITY = YES_AGGRESSIVE;
				CLANG_WARN_UNREACHABLE_CODE = YES;
				CLANG_WARN__DUPLICATE_METHOD_MATCH = YES;
				COPY_PHASE_STRIP = NO;
				DEBUG_INFORMATION_FORMAT = "dwarf-with-dsym";
				ENABLE_NS_ASSERTIONS = NO;
				ENABLE_STRICT_OBJC_MSGSEND = YES;
				GCC_C_LANGUAGE_STANDARD = gnu11;
				GCC_NO_COMMON_BLOCKS = YES;
				GCC_WARN_64_TO_32_BIT_CONVERSION = YES;
				GCC_WARN_ABOUT_RETURN_TYPE = YES_ERROR;
				GCC_WARN_UNDECLARED_SELECTOR = YES;
				GCC_WARN_UNINITIALIZED_AUTOS = YES_AGGRESSIVE;
				GCC_WARN_UNUSED_FUNCTION = YES;
				GCC_WARN_UNUSED_VARIABLE = YES;
				IPHONEOS_DEPLOYMENT_TARGET = 14.0;
				MTL_ENABLE_DEBUG_INFO = NO;
				MTL_FAST_MATH = YES;
				SDKROOT = iphoneos;
				SWIFT_COMPILATION_MODE = wholemodule;
				SWIFT_OPTIMIZATION_LEVEL = "-O";
				VALIDATE_PRODUCT = YES;
			};
			name = Release;
		};
		FA353BDF253DDCA50041D5DD /* Debug */ = {
			isa = XCBuildConfiguration;
			baseConfigurationReference = B31FBCC0B9634253919BF11D /* Pods-my-places.debug.xcconfig */;
			buildSettings = {
				ASSETCATALOG_COMPILER_APPICON_NAME = AppIcon;
				ASSETCATALOG_COMPILER_GLOBAL_ACCENT_COLOR_NAME = AccentColor;
				CODE_SIGN_STYLE = Automatic;
				DEVELOPMENT_TEAM = 94XVDM8HU6;
				INFOPLIST_FILE = "my-places/Info.plist";
				LD_RUNPATH_SEARCH_PATHS = (
					"$(inherited)",
					"@executable_path/Frameworks",
				);
				PRODUCT_BUNDLE_IDENTIFIER = "ru.wartyataw.my-places";
				PRODUCT_NAME = "$(TARGET_NAME)";
				SWIFT_VERSION = 5.0;
				TARGETED_DEVICE_FAMILY = "1,2";
			};
			name = Debug;
		};
		FA353BE0253DDCA50041D5DD /* Release */ = {
			isa = XCBuildConfiguration;
			baseConfigurationReference = 7597D53DCAF63A2297C56CC3 /* Pods-my-places.release.xcconfig */;
			buildSettings = {
				ASSETCATALOG_COMPILER_APPICON_NAME = AppIcon;
				ASSETCATALOG_COMPILER_GLOBAL_ACCENT_COLOR_NAME = AccentColor;
				CODE_SIGN_STYLE = Automatic;
				DEVELOPMENT_TEAM = 94XVDM8HU6;
				INFOPLIST_FILE = "my-places/Info.plist";
				LD_RUNPATH_SEARCH_PATHS = (
					"$(inherited)",
					"@executable_path/Frameworks",
				);
				PRODUCT_BUNDLE_IDENTIFIER = "ru.wartyataw.my-places";
				PRODUCT_NAME = "$(TARGET_NAME)";
				SWIFT_VERSION = 5.0;
				TARGETED_DEVICE_FAMILY = "1,2";
			};
			name = Release;
		};
/* End XCBuildConfiguration section */

/* Begin XCConfigurationList section */
		FA353BC5253DDCA50041D5DD /* Build configuration list for PBXProject "my-places" */ = {
			isa = XCConfigurationList;
			buildConfigurations = (
				FA353BDC253DDCA50041D5DD /* Debug */,
				FA353BDD253DDCA50041D5DD /* Release */,
			);
			defaultConfigurationIsVisible = 0;
			defaultConfigurationName = Release;
		};
		FA353BDE253DDCA50041D5DD /* Build configuration list for PBXNativeTarget "my-places" */ = {
			isa = XCConfigurationList;
			buildConfigurations = (
				FA353BDF253DDCA50041D5DD /* Debug */,
				FA353BE0253DDCA50041D5DD /* Release */,
			);
			defaultConfigurationIsVisible = 0;
			defaultConfigurationName = Release;
		};
/* End XCConfigurationList section */
	};
	rootObject = FA353BC2253DDCA50041D5DD /* Project object */;
}
